<?xml version="1.0" encoding="utf-8"?>
<Project ToolsVersion="4.0" xmlns="http://schemas.microsoft.com/developer/msbuild/2003">
  <ItemGroup>
    <Filter Include="Build">
      <UniqueIdentifier>{5b8cfe3b-0c36-4e40-8e5e-aa463f8b95a9}</UniqueIdentifier>
    </Filter>
    <Filter Include="src">
      <UniqueIdentifier>{220db543-6b24-4d64-a4d3-ce448f3b580b}</UniqueIdentifier>
    </Filter>
    <Filter Include="include">
      <UniqueIdentifier>{946e91a9-7f59-4206-b5b2-18b15fcd6ba7}</UniqueIdentifier>
    </Filter>
  </ItemGroup>
  <ItemGroup>
    <ClInclude Include="include\AudioManager.h">
      <Filter>include</Filter>
    </ClInclude>
    <ClInclude Include="include\Bodies.h">
      <Filter>include</Filter>
    </ClInclude>
    <ClInclude Include="include\Component.h">
      <Filter>include</Filter>
    </ClInclude>
    <ClInclude Include="include\ConfigManager.h">
      <Filter>include</Filter>
    </ClInclude>
    <ClInclude Include="include\Engine.h">
      <Filter>include</Filter>
    </ClInclude>
    <ClInclude Include="include\Entity.h">
      <Filter>include</Filter>
    </ClInclude>
    <ClInclude Include="include\EventManager.h">
      <Filter>include</Filter>
    </ClInclude>
    <ClInclude Include="include\EventTypes.h">
      <Filter>include</Filter>
    </ClInclude>
    <ClInclude Include="include\GameObject.h">
      <Filter>include</Filter>
    </ClInclude>
    <ClInclude Include="include\Log.h">
      <Filter>include</Filter>
    </ClInclude>
    <ClInclude Include="include\LogManager.h">
      <Filter>include</Filter>
    </ClInclude>
    <ClInclude Include="include\MemoryManager.h">
      <Filter>include</Filter>
    </ClInclude>
    <ClInclude Include="include\MenuScene.h">
      <Filter>include</Filter>
    </ClInclude>
    <ClInclude Include="include\PhysicsEntity.h">
      <Filter>include</Filter>
    </ClInclude>
    <ClInclude Include="include\PhysicsSystem.h">
      <Filter>include</Filter>
    </ClInclude>
    <ClInclude Include="include\PlayScene.h">
      <Filter>include</Filter>
    </ClInclude>
    <ClInclude Include="include\raygui.h">
      <Filter>include</Filter>
    </ClInclude>
    <ClInclude Include="include\ResourceManager.h">
      <Filter>include</Filter>
    </ClInclude>
    <ClInclude Include="include\Scene.h">
      <Filter>include</Filter>
    </ClInclude>
    <ClInclude Include="include\SceneManager.h">
      <Filter>include</Filter>
    </ClInclude>
    <ClInclude Include="include\GUI.h">
      <Filter>include</Filter>
    </ClInclude>
    <ClInclude Include="Include\GameState.h">
      <Filter>include</Filter>
    </ClInclude>
  </ItemGroup>
  <ItemGroup>
    <ClCompile Include="src\DSJ_Raylib.cpp">
      <Filter>src</Filter>
    </ClCompile>
    <ClCompile Include="src\Engine.cpp">
      <Filter>src</Filter>
    </ClCompile>
    <ClCompile Include="src\GameObject.cpp">
      <Filter>src</Filter>
    </ClCompile>
    <ClCompile Include="src\LogManager.cpp">
      <Filter>src</Filter>
    </ClCompile>
    <ClCompile Include="src\MemoryManager.cpp">
      <Filter>src</Filter>
    </ClCompile>
    <ClCompile Include="src\MenuScene.cpp">
      <Filter>src</Filter>
    </ClCompile>
    <ClCompile Include="src\PlayScene.cpp">
      <Filter>src</Filter>
    </ClCompile>
    <ClCompile Include="src\SceneManager.cpp">
      <Filter>src</Filter>
    </ClCompile>
    <ClCompile Include="src\GUI.cpp">
      <Filter>src</Filter>
    </ClCompile>
    <ClCompile Include="src\GameState.cpp">
      <Filter>src</Filter>
    </ClCompile>
  </ItemGroup>
</Project>