<?xml version="1.0" encoding="utf-8"?>
<Project ToolsVersion="4.0" xmlns="http://schemas.microsoft.com/developer/msbuild/2003">
  <ItemGroup>
    <Filter Include="Source">
      <UniqueIdentifier>{e7eab57a-39d6-4636-be48-967b7ca4ff09}</UniqueIdentifier>
    </Filter>
    <Filter Include="Assets">
      <UniqueIdentifier>{0b75b61c-191e-4a09-aaf6-b1bff10c18e7}</UniqueIdentifier>
    </Filter>
    <Filter Include="Assets\Textures">
      <UniqueIdentifier>{412c99e2-27ee-4469-b333-66f8d7cef50e}</UniqueIdentifier>
    </Filter>
    <Filter Include="Assets\Sounds">
      <UniqueIdentifier>{1800833c-aab3-4edc-9037-09dd3ea3dcd4}</UniqueIdentifier>
    </Filter>
    <Filter Include="Build">
      <UniqueIdentifier>{5b8cfe3b-0c36-4e40-8e5e-aa463f8b95a9}</UniqueIdentifier>
    </Filter>
    <Filter Include="Include">
      <UniqueIdentifier>{e78107ff-0a6d-4282-a245-e94faac31a29}</UniqueIdentifier>
    </Filter>
    <Filter Include="Libraries">
      <UniqueIdentifier>{5bbcc968-357a-4963-946e-a4ccefba5d98}</UniqueIdentifier>
    </Filter>
  </ItemGroup>
  <ItemGroup>
    <ClCompile Include="Source\DSJ_Raylib.cpp">
      <Filter>Source</Filter>
    </ClCompile>
    <ClCompile Include="Source\Engine.cpp">
      <Filter>Source</Filter>
    </ClCompile>
    <ClCompile Include="Source\SceneManager.cpp">
      <Filter>Source</Filter>
    </ClCompile>
    <ClCompile Include="Source\Scene.cpp">
      <Filter>Source</Filter>
    </ClCompile>
  </ItemGroup>
  <ItemGroup>
    <Image Include="Assets\Textures\LuigiSS.png">
      <Filter>Assets\Textures</Filter>
    </Image>
    <Image Include="Assets\Textures\LuigiD.png">
      <Filter>Assets\Textures</Filter>
    </Image>
  </ItemGroup>
  <ItemGroup>
    <ClInclude Include="Source\Engine.h">
      <Filter>Source</Filter>
    </ClInclude>
    <ClInclude Include="Source\Log.h">
      <Filter>Source</Filter>
    </ClInclude>
    <ClInclude Include="Source\SceneManager.h">
      <Filter>Source</Filter>
    </ClInclude>
    <ClInclude Include="Source\Scene.h">
      <Filter>Source</Filter>
    </ClInclude>
  </ItemGroup>
</Project>